
Microsoft Visual Studio Solution File, Format Version 12.00
# Visual Studio Version 17
VisualStudioVersion = 17.6.33815.320
MinimumVisualStudioVersion = 10.0.40219.1
Project("{9A19103F-16F7-4668-BE54-9A1E7A4F7556}") = "EnvironmentalActsBE", "EnvironmentalActsBE.csproj", "{92918FA8-6A9C-483C-BB9C-2F6AB1786486}"
EndProject
Global
	GlobalSection(SolutionConfigurationPlatforms) = preSolution
		Debug|Any CPU = Debug|Any CPU
		Release|Any CPU = Release|Any CPU
	EndGlobalSection
	GlobalSection(ProjectConfigurationPlatforms) = postSolution
		{92918FA8-6A9C-483C-BB9C-2F6AB1786486}.Debug|Any CPU.ActiveCfg = Debug|Any CPU
		{92918FA8-6A9C-483C-BB9C-2F6AB1786486}.Debug|Any CPU.Build.0 = Debug|Any CPU
		{92918FA8-6A9C-483C-BB9C-2F6AB1786486}.Release|Any CPU.ActiveCfg = Release|Any CPU
		{92918FA8-6A9C-483C-BB9C-2F6AB1786486}.Release|Any CPU.Build.0 = Release|Any CPU
	EndGlobalSection
	GlobalSection(SolutionProperties) = preSolution
		HideSolutionNode = FALSE
	EndGlobalSection
	GlobalSection(ExtensibilityGlobals) = postSolution
		SolutionGuid = {4E686F59-0293-4E30-B8BB-6A2A43990C2D}
	EndGlobalSection
EndGlobal
